
Microsoft Visual Studio Solution File, Format Version 12.00
# Visual Studio 15
VisualStudioVersion = 15.0.28307.1738
MinimumVisualStudioVersion = 10.0.40219.1
Project("{8BC9CEB8-8B4A-11D0-8D11-00A0C91BC942}") = "MusicApp", "MusicApp\MusicApp.vcxproj", "{6F98076B-D6BA-4ACB-85E5-6124A6A2DFE2}"
EndProject
Global
	GlobalSection(SolutionConfigurationPlatforms) = preSolution
		Debug|x64 = Debug|x64
		Debug|x86 = Debug|x86
		Release|x64 = Release|x64
		Release|x86 = Release|x86
	EndGlobalSection
	GlobalSection(ProjectConfigurationPlatforms) = postSolution
		{6F98076B-D6BA-4ACB-85E5-6124A6A2DFE2}.Debug|x64.ActiveCfg = Debug|x64
		{6F98076B-D6BA-4ACB-85E5-6124A6A2DFE2}.Debug|x64.Build.0 = Debug|x64
		{6F98076B-D6BA-4ACB-85E5-6124A6A2DFE2}.Debug|x86.ActiveCfg = Debug|Win32
		{6F98076B-D6BA-4ACB-85E5-6124A6A2DFE2}.Debug|x86.Build.0 = Debug|Win32
		{6F98076B-D6BA-4ACB-85E5-6124A6A2DFE2}.Release|x64.ActiveCfg = Release|x64
		{6F98076B-D6BA-4ACB-85E5-6124A6A2DFE2}.Release|x64.Build.0 = Release|x64
		{6F98076B-D6BA-4ACB-85E5-6124A6A2DFE2}.Release|x86.ActiveCfg = Release|Win32
		{6F98076B-D6BA-4ACB-85E5-6124A6A2DFE2}.Release|x86.Build.0 = Release|Win32
	EndGlobalSection
	GlobalSection(SolutionProperties) = preSolution
		HideSolutionNode = FALSE
	EndGlobalSection
	GlobalSection(ExtensibilityGlobals) = postSolution
		SolutionGuid = {141E678F-07B8-4649-BD67-9DF8D3D9E940}
	EndGlobalSection
EndGlobal
