
Microsoft Visual Studio Solution File, Format Version 12.00
# Visual Studio 15
VisualStudioVersion = 15.0.28307.1738
MinimumVisualStudioVersion = 10.0.40219.1
Project("{8BC9CEB8-8B4A-11D0-8D11-00A0C91BC942}") = "App", "App\App.vcxproj", "{88D0DDF4-22C6-47F2-90B3-AED10ACE3614}"
EndProject
Global
	GlobalSection(SolutionConfigurationPlatforms) = preSolution
		Debug|x64 = Debug|x64
		Debug|x86 = Debug|x86
		Release|x64 = Release|x64
		Release|x86 = Release|x86
	EndGlobalSection
	GlobalSection(ProjectConfigurationPlatforms) = postSolution
		{88D0DDF4-22C6-47F2-90B3-AED10ACE3614}.Debug|x64.ActiveCfg = Debug|x64
		{88D0DDF4-22C6-47F2-90B3-AED10ACE3614}.Debug|x64.Build.0 = Debug|x64
		{88D0DDF4-22C6-47F2-90B3-AED10ACE3614}.Debug|x86.ActiveCfg = Debug|Win32
		{88D0DDF4-22C6-47F2-90B3-AED10ACE3614}.Debug|x86.Build.0 = Debug|Win32
		{88D0DDF4-22C6-47F2-90B3-AED10ACE3614}.Release|x64.ActiveCfg = Release|x64
		{88D0DDF4-22C6-47F2-90B3-AED10ACE3614}.Release|x64.Build.0 = Release|x64
		{88D0DDF4-22C6-47F2-90B3-AED10ACE3614}.Release|x86.ActiveCfg = Release|Win32
		{88D0DDF4-22C6-47F2-90B3-AED10ACE3614}.Release|x86.Build.0 = Release|Win32
	EndGlobalSection
	GlobalSection(SolutionProperties) = preSolution
		HideSolutionNode = FALSE
	EndGlobalSection
	GlobalSection(ExtensibilityGlobals) = postSolution
		SolutionGuid = {BB190DEA-82A2-4D28-AF60-ABBD011A6AF2}
	EndGlobalSection
EndGlobal
